
Microsoft Visual Studio Solution File, Format Version 12.00
# Visual Studio Version 17
VisualStudioVersion = 17.5.33424.131
MinimumVisualStudioVersion = 10.0.40219.1
Project("{FAE04EC0-301F-11D3-BF4B-00C04F79EFBC}") = "StoreProject", "StoreProject.csproj", "{2FB25B42-BBD6-4A82-8443-0A70AF7B58DE}"
EndProject
Project("{FAE04EC0-301F-11D3-BF4B-00C04F79EFBC}") = "StoreProject.DAL", "..\StoreProject.DAL\StoreProject.DAL.csproj", "{D0781C92-67A4-4A96-9AC2-CF3010819A8E}"
EndProject
Project("{FAE04EC0-301F-11D3-BF4B-00C04F79EFBC}") = "StoreProject.BLL", "..\StoreProject.BLL\StoreProject.BLL.csproj", "{2AC7074F-6785-48CA-B64A-DCF91817C4D8}"
EndProject
Global
	GlobalSection(SolutionConfigurationPlatforms) = preSolution
		Debug|Any CPU = Debug|Any CPU
		Release|Any CPU = Release|Any CPU
	EndGlobalSection
	GlobalSection(ProjectConfigurationPlatforms) = postSolution
		{2FB25B42-BBD6-4A82-8443-0A70AF7B58DE}.Debug|Any CPU.ActiveCfg = Debug|Any CPU
		{2FB25B42-BBD6-4A82-8443-0A70AF7B58DE}.Debug|Any CPU.Build.0 = Debug|Any CPU
		{2FB25B42-BBD6-4A82-8443-0A70AF7B58DE}.Release|Any CPU.ActiveCfg = Release|Any CPU
		{2FB25B42-BBD6-4A82-8443-0A70AF7B58DE}.Release|Any CPU.Build.0 = Release|Any CPU
		{D0781C92-67A4-4A96-9AC2-CF3010819A8E}.Debug|Any CPU.ActiveCfg = Debug|Any CPU
		{D0781C92-67A4-4A96-9AC2-CF3010819A8E}.Debug|Any CPU.Build.0 = Debug|Any CPU
		{D0781C92-67A4-4A96-9AC2-CF3010819A8E}.Release|Any CPU.ActiveCfg = Release|Any CPU
		{D0781C92-67A4-4A96-9AC2-CF3010819A8E}.Release|Any CPU.Build.0 = Release|Any CPU
		{2AC7074F-6785-48CA-B64A-DCF91817C4D8}.Debug|Any CPU.ActiveCfg = Debug|Any CPU
		{2AC7074F-6785-48CA-B64A-DCF91817C4D8}.Debug|Any CPU.Build.0 = Debug|Any CPU
		{2AC7074F-6785-48CA-B64A-DCF91817C4D8}.Release|Any CPU.ActiveCfg = Release|Any CPU
		{2AC7074F-6785-48CA-B64A-DCF91817C4D8}.Release|Any CPU.Build.0 = Release|Any CPU
	EndGlobalSection
	GlobalSection(SolutionProperties) = preSolution
		HideSolutionNode = FALSE
	EndGlobalSection
	GlobalSection(ExtensibilityGlobals) = postSolution
		SolutionGuid = {B51C4989-8CF1-44FD-AD31-C7EBAE6F16FE}
	EndGlobalSection
EndGlobal
